
Microsoft Visual Studio Solution File, Format Version 12.00
# Visual Studio Version 17
VisualStudioVersion = 17.11.35327.3
MinimumVisualStudioVersion = 10.0.40219.1
Project("{8BC9CEB8-8B4A-11D0-8D11-00A0C91BC942}") = "insertion sort", "insertion sort\insertion sort.vcxproj", "{6CB51C4A-246E-4F45-83C1-A22816285F17}"
EndProject
Global
	GlobalSection(SolutionConfigurationPlatforms) = preSolution
		Debug|x64 = Debug|x64
		Debug|x86 = Debug|x86
		Release|x64 = Release|x64
		Release|x86 = Release|x86
	EndGlobalSection
	GlobalSection(ProjectConfigurationPlatforms) = postSolution
		{6CB51C4A-246E-4F45-83C1-A22816285F17}.Debug|x64.ActiveCfg = Debug|x64
		{6CB51C4A-246E-4F45-83C1-A22816285F17}.Debug|x64.Build.0 = Debug|x64
		{6CB51C4A-246E-4F45-83C1-A22816285F17}.Debug|x86.ActiveCfg = Debug|Win32
		{6CB51C4A-246E-4F45-83C1-A22816285F17}.Debug|x86.Build.0 = Debug|Win32
		{6CB51C4A-246E-4F45-83C1-A22816285F17}.Release|x64.ActiveCfg = Release|x64
		{6CB51C4A-246E-4F45-83C1-A22816285F17}.Release|x64.Build.0 = Release|x64
		{6CB51C4A-246E-4F45-83C1-A22816285F17}.Release|x86.ActiveCfg = Release|Win32
		{6CB51C4A-246E-4F45-83C1-A22816285F17}.Release|x86.Build.0 = Release|Win32
	EndGlobalSection
	GlobalSection(SolutionProperties) = preSolution
		HideSolutionNode = FALSE
	EndGlobalSection
	GlobalSection(ExtensibilityGlobals) = postSolution
		SolutionGuid = {7848AFE7-7BCB-4140-9F27-5F2A59D68645}
	EndGlobalSection
EndGlobal
