
Microsoft Visual Studio Solution File, Format Version 12.00
# Visual Studio Version 17
VisualStudioVersion = 17.11.35327.3
MinimumVisualStudioVersion = 10.0.40219.1
Project("{8BC9CEB8-8B4A-11D0-8D11-00A0C91BC942}") = "merger sort", "merger sort\merger sort.vcxproj", "{907D9035-D7DA-4223-BF0C-B699E36D216E}"
EndProject
Global
	GlobalSection(SolutionConfigurationPlatforms) = preSolution
		Debug|x64 = Debug|x64
		Debug|x86 = Debug|x86
		Release|x64 = Release|x64
		Release|x86 = Release|x86
	EndGlobalSection
	GlobalSection(ProjectConfigurationPlatforms) = postSolution
		{907D9035-D7DA-4223-BF0C-B699E36D216E}.Debug|x64.ActiveCfg = Debug|x64
		{907D9035-D7DA-4223-BF0C-B699E36D216E}.Debug|x64.Build.0 = Debug|x64
		{907D9035-D7DA-4223-BF0C-B699E36D216E}.Debug|x86.ActiveCfg = Debug|Win32
		{907D9035-D7DA-4223-BF0C-B699E36D216E}.Debug|x86.Build.0 = Debug|Win32
		{907D9035-D7DA-4223-BF0C-B699E36D216E}.Release|x64.ActiveCfg = Release|x64
		{907D9035-D7DA-4223-BF0C-B699E36D216E}.Release|x64.Build.0 = Release|x64
		{907D9035-D7DA-4223-BF0C-B699E36D216E}.Release|x86.ActiveCfg = Release|Win32
		{907D9035-D7DA-4223-BF0C-B699E36D216E}.Release|x86.Build.0 = Release|Win32
	EndGlobalSection
	GlobalSection(SolutionProperties) = preSolution
		HideSolutionNode = FALSE
	EndGlobalSection
	GlobalSection(ExtensibilityGlobals) = postSolution
		SolutionGuid = {425EF317-24AC-4573-9C22-38CDAE2FA530}
	EndGlobalSection
EndGlobal
